// !$*UTF8*$!
{
	archiveVersion = 1;
	classes = {
	};
	objectVersion = 48;
	objects = {

/* Begin PBXBuildFile section */
		892867E6D954B8D6CE532D5C /* Pods_todo.framework in Frameworks */ = {isa = PBXBuildFile; fileRef = 423761E187D6ADD01B7E59AB /* Pods_todo.framework */; };
		ECF522112074FCF200CE2505 /* AppDelegate.swift in Sources */ = {isa = PBXBuildFile; fileRef = ECF522102074FCF200CE2505 /* AppDelegate.swift */; };
		ECF522132074FCF200CE2505 /* ViewController.swift in Sources */ = {isa = PBXBuildFile; fileRef = ECF522122074FCF200CE2505 /* ViewController.swift */; };
		ECF522162074FCF200CE2505 /* Main.storyboard in Resources */ = {isa = PBXBuildFile; fileRef = ECF522142074FCF200CE2505 /* Main.storyboard */; };
		ECF522182074FCF200CE2505 /* Assets.xcassets in Resources */ = {isa = PBXBuildFile; fileRef = ECF522172074FCF200CE2505 /* Assets.xcassets */; };
		ECF5221B2074FCF200CE2505 /* LaunchScreen.storyboard in Resources */ = {isa = PBXBuildFile; fileRef = ECF522192074FCF200CE2505 /* LaunchScreen.storyboard */; };
		ECF522252074FFED00CE2505 /* TodoCell.swift in Sources */ = {isa = PBXBuildFile; fileRef = ECF522242074FFED00CE2505 /* TodoCell.swift */; };
/* End PBXBuildFile section */

/* Begin PBXFileReference section */
		3DB8EE0B0BC131B9300660D9 /* Pods-todo.debug.xcconfig */ = {isa = PBXFileReference; includeInIndex = 1; lastKnownFileType = text.xcconfig; name = "Pods-todo.debug.xcconfig"; path = "Pods/Target Support Files/Pods-todo/Pods-todo.debug.xcconfig"; sourceTree = "<group>"; };
		423761E187D6ADD01B7E59AB /* Pods_todo.framework */ = {isa = PBXFileReference; explicitFileType = wrapper.framework; includeInIndex = 0; path = Pods_todo.framework; sourceTree = BUILT_PRODUCTS_DIR; };
		AAB735E035ADBAB0123BD385 /* Pods-todo.release.xcconfig */ = {isa = PBXFileReference; includeInIndex = 1; lastKnownFileType = text.xcconfig; name = "Pods-todo.release.xcconfig"; path = "Pods/Target Support Files/Pods-todo/Pods-todo.release.xcconfig"; sourceTree = "<group>"; };
		ECF5220D2074FCF200CE2505 /* todo.app */ = {isa = PBXFileReference; explicitFileType = wrapper.application; includeInIndex = 0; path = todo.app; sourceTree = BUILT_PRODUCTS_DIR; };
		ECF522102074FCF200CE2505 /* AppDelegate.swift */ = {isa = PBXFileReference; lastKnownFileType = sourcecode.swift; path = AppDelegate.swift; sourceTree = "<group>"; };
		ECF522122074FCF200CE2505 /* ViewController.swift */ = {isa = PBXFileReference; lastKnownFileType = sourcecode.swift; path = ViewController.swift; sourceTree = "<group>"; };
		ECF522152074FCF200CE2505 /* Base */ = {isa = PBXFileReference; lastKnownFileType = file.storyboard; name = Base; path = Base.lproj/Main.storyboard; sourceTree = "<group>"; };
		ECF522172074FCF200CE2505 /* Assets.xcassets */ = {isa = PBXFileReference; lastKnownFileType = folder.assetcatalog; path = Assets.xcassets; sourceTree = "<group>"; };
		ECF5221A2074FCF200CE2505 /* Base */ = {isa = PBXFileReference; lastKnownFileType = file.storyboard; name = Base; path = Base.lproj/LaunchScreen.storyboard; sourceTree = "<group>"; };
		ECF5221C2074FCF200CE2505 /* Info.plist */ = {isa = PBXFileReference; lastKnownFileType = text.plist.xml; path = Info.plist; sourceTree = "<group>"; };
		ECF522242074FFED00CE2505 /* TodoCell.swift */ = {isa = PBXFileReference; lastKnownFileType = sourcecode.swift; path = TodoCell.swift; sourceTree = "<group>"; };
/* End PBXFileReference section */

/* Begin PBXFrameworksBuildPhase section */
		ECF5220A2074FCF200CE2505 /* Frameworks */ = {
			isa = PBXFrameworksBuildPhase;
			buildActionMask = 2147483647;
			files = (
				892867E6D954B8D6CE532D5C /* Pods_todo.framework in Frameworks */,
			);
			runOnlyForDeploymentPostprocessing = 0;
		};
/* End PBXFrameworksBuildPhase section */

/* Begin PBXGroup section */
		3EC92DF17C14ECF95422013B /* Frameworks */ = {
			isa = PBXGroup;
			children = (
				423761E187D6ADD01B7E59AB /* Pods_todo.framework */,
			);
			name = Frameworks;
			sourceTree = "<group>";
		};
		DED63D657C9CC1383AA6AE30 /* Pods */ = {
			isa = PBXGroup;
			children = (
				3DB8EE0B0BC131B9300660D9 /* Pods-todo.debug.xcconfig */,
				AAB735E035ADBAB0123BD385 /* Pods-todo.release.xcconfig */,
			);
			name = Pods;
			sourceTree = "<group>";
		};
		ECF522042074FCF200CE2505 = {
			isa = PBXGroup;
			children = (
				ECF5220F2074FCF200CE2505 /* todo */,
				ECF5220E2074FCF200CE2505 /* Products */,
				DED63D657C9CC1383AA6AE30 /* Pods */,
				3EC92DF17C14ECF95422013B /* Frameworks */,
			);
			sourceTree = "<group>";
		};
		ECF5220E2074FCF200CE2505 /* Products */ = {
			isa = PBXGroup;
			children = (
				ECF5220D2074FCF200CE2505 /* todo.app */,
			);
			name = Products;
			sourceTree = "<group>";
		};
		ECF5220F2074FCF200CE2505 /* todo */ = {
			isa = PBXGroup;
			children = (
				ECF522232074FF6200CE2505 /* Controller */,
				ECF522222074FF5D00CE2505 /* Cell */,
				ECF522102074FCF200CE2505 /* AppDelegate.swift */,
				ECF522142074FCF200CE2505 /* Main.storyboard */,
				ECF522172074FCF200CE2505 /* Assets.xcassets */,
				ECF522192074FCF200CE2505 /* LaunchScreen.storyboard */,
				ECF5221C2074FCF200CE2505 /* Info.plist */,
			);
			path = todo;
			sourceTree = "<group>";
		};
		ECF522222074FF5D00CE2505 /* Cell */ = {
			isa = PBXGroup;
			children = (
				ECF522242074FFED00CE2505 /* TodoCell.swift */,
			);
			path = Cell;
			sourceTree = "<group>";
		};
		ECF522232074FF6200CE2505 /* Controller */ = {
			isa = PBXGroup;
			children = (
				ECF522122074FCF200CE2505 /* ViewController.swift */,
			);
			path = Controller;
			sourceTree = "<group>";
		};
/* End PBXGroup section */

/* Begin PBXNativeTarget section */
		ECF5220C2074FCF200CE2505 /* todo */ = {
			isa = PBXNativeTarget;
			buildConfigurationList = ECF5221F2074FCF200CE2505 /* Build configuration list for PBXNativeTarget "todo" */;
			buildPhases = (
				5BF195AF6037371F3C782D4A /* [CP] Check Pods Manifest.lock */,
				ECF522092074FCF200CE2505 /* Sources */,
				ECF5220A2074FCF200CE2505 /* Frameworks */,
				ECF5220B2074FCF200CE2505 /* Resources */,
				EFD09C5D6ADFAD5B0E4689F8 /* [CP] Embed Pods Frameworks */,
				F640978446F94AB38177DB96 /* [CP] Copy Pods Resources */,
			);
			buildRules = (
			);
			dependencies = (
			);
			name = todo;
			productName = todo;
			productReference = ECF5220D2074FCF200CE2505 /* todo.app */;
			productType = "com.apple.product-type.application";
		};
/* End PBXNativeTarget section */

/* Begin PBXProject section */
		ECF522052074FCF200CE2505 /* Project object */ = {
			isa = PBXProject;
			attributes = {
				LastSwiftUpdateCheck = 0920;
				LastUpgradeCheck = 0920;
				ORGANIZATIONNAME = "Hyowon Choi";
				TargetAttributes = {
					ECF5220C2074FCF200CE2505 = {
						CreatedOnToolsVersion = 9.2;
						ProvisioningStyle = Automatic;
					};
				};
			};
			buildConfigurationList = ECF522082074FCF200CE2505 /* Build configuration list for PBXProject "todo" */;
			compatibilityVersion = "Xcode 8.0";
			developmentRegion = en;
			hasScannedForEncodings = 0;
			knownRegions = (
				en,
				Base,
			);
			mainGroup = ECF522042074FCF200CE2505;
			productRefGroup = ECF5220E2074FCF200CE2505 /* Products */;
			projectDirPath = "";
			projectRoot = "";
			targets = (
				ECF5220C2074FCF200CE2505 /* todo */,
			);
		};
/* End PBXProject section */

/* Begin PBXResourcesBuildPhase section */
		ECF5220B2074FCF200CE2505 /* Resources */ = {
			isa = PBXResourcesBuildPhase;
			buildActionMask = 2147483647;
			files = (
				ECF5221B2074FCF200CE2505 /* LaunchScreen.storyboard in Resources */,
				ECF522182074FCF200CE2505 /* Assets.xcassets in Resources */,
				ECF522162074FCF200CE2505 /* Main.storyboard in Resources */,
			);
			runOnlyForDeploymentPostprocessing = 0;
		};
/* End PBXResourcesBuildPhase section */

/* Begin PBXShellScriptBuildPhase section */
		5BF195AF6037371F3C782D4A /* [CP] Check Pods Manifest.lock */ = {
			isa = PBXShellScriptBuildPhase;
			buildActionMask = 2147483647;
			files = (
			);
			inputPaths = (
				"${PODS_PODFILE_DIR_PATH}/Podfile.lock",
				"${PODS_ROOT}/Manifest.lock",
			);
			name = "[CP] Check Pods Manifest.lock";
			outputPaths = (
				"$(DERIVED_FILE_DIR)/Pods-todo-checkManifestLockResult.txt",
			);
			runOnlyForDeploymentPostprocessing = 0;
			shellPath = /bin/sh;
			shellScript = "diff \"${PODS_PODFILE_DIR_PATH}/Podfile.lock\" \"${PODS_ROOT}/Manifest.lock\" > /dev/null\nif [ $? != 0 ] ; then\n    # print error to STDERR\n    echo \"error: The sandbox is not in sync with the Podfile.lock. Run 'pod install' or update your CocoaPods installation.\" >&2\n    exit 1\nfi\n# This output is used by Xcode 'outputs' to avoid re-running this script phase.\necho \"SUCCESS\" > \"${SCRIPT_OUTPUT_FILE_0}\"\n";
			showEnvVarsInLog = 0;
		};
		EFD09C5D6ADFAD5B0E4689F8 /* [CP] Embed Pods Frameworks */ = {
			isa = PBXShellScriptBuildPhase;
			buildActionMask = 2147483647;
			files = (
			);
			inputPaths = (
				"${SRCROOT}/Pods/Target Support Files/Pods-todo/Pods-todo-frameworks.sh",
				"${BUILT_PRODUCTS_DIR}/SCLAlertView/SCLAlertView.framework",
			);
			name = "[CP] Embed Pods Frameworks";
			outputPaths = (
				"${TARGET_BUILD_DIR}/${FRAMEWORKS_FOLDER_PATH}/SCLAlertView.framework",
			);
			runOnlyForDeploymentPostprocessing = 0;
			shellPath = /bin/sh;
			shellScript = "\"${SRCROOT}/Pods/Target Support Files/Pods-todo/Pods-todo-frameworks.sh\"\n";
			showEnvVarsInLog = 0;
		};
		F640978446F94AB38177DB96 /* [CP] Copy Pods Resources */ = {
			isa = PBXShellScriptBuildPhase;
			buildActionMask = 2147483647;
			files = (
			);
			inputPaths = (
			);
			name = "[CP] Copy Pods Resources";
			outputPaths = (
			);
			runOnlyForDeploymentPostprocessing = 0;
			shellPath = /bin/sh;
			shellScript = "\"${SRCROOT}/Pods/Target Support Files/Pods-todo/Pods-todo-resources.sh\"\n";
			showEnvVarsInLog = 0;
		};
/* End PBXShellScriptBuildPhase section */

/* Begin PBXSourcesBuildPhase section */
		ECF522092074FCF200CE2505 /* Sources */ = {
			isa = PBXSourcesBuildPhase;
			buildActionMask = 2147483647;
			files = (
				ECF522252074FFED00CE2505 /* TodoCell.swift in Sources */,
				ECF522132074FCF200CE2505 /* ViewController.swift in Sources */,
				ECF522112074FCF200CE2505 /* AppDelegate.swift in Sources */,
			);
			runOnlyForDeploymentPostprocessing = 0;
		};
/* End PBXSourcesBuildPhase section */

/* Begin PBXVariantGroup section */
		ECF522142074FCF200CE2505 /* Main.storyboard */ = {
			isa = PBXVariantGroup;
			children = (
				ECF522152074FCF200CE2505 /* Base */,
			);
			name = Main.storyboard;
			sourceTree = "<group>";
		};
		ECF522192074FCF200CE2505 /* LaunchScreen.storyboard */ = {
			isa = PBXVariantGroup;
			children = (
				ECF5221A2074FCF200CE2505 /* Base */,
			);
			name = LaunchScreen.storyboard;
			sourceTree = "<group>";
		};
/* End PBXVariantGroup section */

/* Begin XCBuildConfiguration section */
		ECF5221D2074FCF200CE2505 /* Debug */ = {
			isa = XCBuildConfiguration;
			buildSettings = {
				ALWAYS_SEARCH_USER_PATHS = NO;
				CLANG_ANALYZER_NONNULL = YES;
				CLANG_ANALYZER_NUMBER_OBJECT_CONVERSION = YES_AGGRESSIVE;
				CLANG_CXX_LANGUAGE_STANDARD = "gnu++14";
				CLANG_CXX_LIBRARY = "libc++";
				CLANG_ENABLE_MODULES = YES;
				CLANG_ENABLE_OBJC_ARC = YES;
				CLANG_WARN_BLOCK_CAPTURE_AUTORELEASING = YES;
				CLANG_WARN_BOOL_CONVERSION = YES;
				CLANG_WARN_COMMA = YES;
				CLANG_WARN_CONSTANT_CONVERSION = YES;
				CLANG_WARN_DIRECT_OBJC_ISA_USAGE = YES_ERROR;
				CLANG_WARN_DOCUMENTATION_COMMENTS = YES;
				CLANG_WARN_EMPTY_BODY = YES;
				CLANG_WARN_ENUM_CONVERSION = YES;
				CLANG_WARN_INFINITE_RECURSION = YES;
				CLANG_WARN_INT_CONVERSION = YES;
				CLANG_WARN_NON_LITERAL_NULL_CONVERSION = YES;
				CLANG_WARN_OBJC_LITERAL_CONVERSION = YES;
				CLANG_WARN_OBJC_ROOT_CLASS = YES_ERROR;
				CLANG_WARN_RANGE_LOOP_ANALYSIS = YES;
				CLANG_WARN_STRICT_PROTOTYPES = YES;
				CLANG_WARN_SUSPICIOUS_MOVE = YES;
				CLANG_WARN_UNGUARDED_AVAILABILITY = YES_AGGRESSIVE;
				CLANG_WARN_UNREACHABLE_CODE = YES;
				CLANG_WARN__DUPLICATE_METHOD_MATCH = YES;
				CODE_SIGN_IDENTITY = "iPhone Developer";
				COPY_PHASE_STRIP = NO;
				DEBUG_INFORMATION_FORMAT = dwarf;
				ENABLE_STRICT_OBJC_MSGSEND = YES;
				ENABLE_TESTABILITY = YES;
				GCC_C_LANGUAGE_STANDARD = gnu11;
				GCC_DYNAMIC_NO_PIC = NO;
				GCC_NO_COMMON_BLOCKS = YES;
				GCC_OPTIMIZATION_LEVEL = 0;
				GCC_PREPROCESSOR_DEFINITIONS = (
					"DEBUG=1",
					"$(inherited)",
				);
				GCC_WARN_64_TO_32_BIT_CONVERSION = YES;
				GCC_WARN_ABOUT_RETURN_TYPE = YES_ERROR;
				GCC_WARN_UNDECLARED_SELECTOR = YES;
				GCC_WARN_UNINITIALIZED_AUTOS = YES_AGGRESSIVE;
				GCC_WARN_UNUSED_FUNCTION = YES;
				GCC_WARN_UNUSED_VARIABLE = YES;
				IPHONEOS_DEPLOYMENT_TARGET = 11.2;
				MTL_ENABLE_DEBUG_INFO = YES;
				ONLY_ACTIVE_ARCH = YES;
				SDKROOT = iphoneos;
				SWIFT_ACTIVE_COMPILATION_CONDITIONS = DEBUG;
				SWIFT_OPTIMIZATION_LEVEL = "-Onone";
			};
			name = Debug;
		};
		ECF5221E2074FCF200CE2505 /* Release */ = {
			isa = XCBuildConfiguration;
			buildSettings = {
				ALWAYS_SEARCH_USER_PATHS = NO;
				CLANG_ANALYZER_NONNULL = YES;
				CLANG_ANALYZER_NUMBER_OBJECT_CONVERSION = YES_AGGRESSIVE;
				CLANG_CXX_LANGUAGE_STANDARD = "gnu++14";
				CLANG_CXX_LIBRARY = "libc++";
				CLANG_ENABLE_MODULES = YES;
				CLANG_ENABLE_OBJC_ARC = YES;
				CLANG_WARN_BLOCK_CAPTURE_AUTORELEASING = YES;
				CLANG_WARN_BOOL_CONVERSION = YES;
				CLANG_WARN_COMMA = YES;
				CLANG_WARN_CONSTANT_CONVERSION = YES;
				CLANG_WARN_DIRECT_OBJC_ISA_USAGE = YES_ERROR;
				CLANG_WARN_DOCUMENTATION_COMMENTS = YES;
				CLANG_WARN_EMPTY_BODY = YES;
				CLANG_WARN_ENUM_CONVERSION = YES;
				CLANG_WARN_INFINITE_RECURSION = YES;
				CLANG_WARN_INT_CONVERSION = YES;
				CLANG_WARN_NON_LITERAL_NULL_CONVERSION = YES;
				CLANG_WARN_OBJC_LITERAL_CONVERSION = YES;
				CLANG_WARN_OBJC_ROOT_CLASS = YES_ERROR;
				CLANG_WARN_RANGE_LOOP_ANALYSIS = YES;
				CLANG_WARN_STRICT_PROTOTYPES = YES;
				CLANG_WARN_SUSPICIOUS_MOVE = YES;
				CLANG_WARN_UNGUARDED_AVAILABILITY = YES_AGGRESSIVE;
				CLANG_WARN_UNREACHABLE_CODE = YES;
				CLANG_WARN__DUPLICATE_METHOD_MATCH = YES;
				CODE_SIGN_IDENTITY = "iPhone Developer";
				COPY_PHASE_STRIP = NO;
				DEBUG_INFORMATION_FORMAT = "dwarf-with-dsym";
				ENABLE_NS_ASSERTIONS = NO;
				ENABLE_STRICT_OBJC_MSGSEND = YES;
				GCC_C_LANGUAGE_STANDARD = gnu11;
				GCC_NO_COMMON_BLOCKS = YES;
				GCC_WARN_64_TO_32_BIT_CONVERSION = YES;
				GCC_WARN_ABOUT_RETURN_TYPE = YES_ERROR;
				GCC_WARN_UNDECLARED_SELECTOR = YES;
				GCC_WARN_UNINITIALIZED_AUTOS = YES_AGGRESSIVE;
				GCC_WARN_UNUSED_FUNCTION = YES;
				GCC_WARN_UNUSED_VARIABLE = YES;
				IPHONEOS_DEPLOYMENT_TARGET = 11.2;
				MTL_ENABLE_DEBUG_INFO = NO;
				SDKROOT = iphoneos;
				SWIFT_OPTIMIZATION_LEVEL = "-Owholemodule";
				VALIDATE_PRODUCT = YES;
			};
			name = Release;
		};
		ECF522202074FCF200CE2505 /* Debug */ = {
			isa = XCBuildConfiguration;
			baseConfigurationReference = 3DB8EE0B0BC131B9300660D9 /* Pods-todo.debug.xcconfig */;
			buildSettings = {
				ASSETCATALOG_COMPILER_APPICON_NAME = AppIcon;
				CODE_SIGN_STYLE = Automatic;
				DEVELOPMENT_TEAM = A33L9G529Z;
				INFOPLIST_FILE = todo/Info.plist;
				LD_RUNPATH_SEARCH_PATHS = "$(inherited) @executable_path/Frameworks";
				PRODUCT_BUNDLE_IDENTIFIER = hyowonee.todo;
				PRODUCT_NAME = "$(TARGET_NAME)";
				SWIFT_VERSION = 4.0;
				TARGETED_DEVICE_FAMILY = "1,2";
			};
			name = Debug;
		};
		ECF522212074FCF200CE2505 /* Release */ = {
			isa = XCBuildConfiguration;
			baseConfigurationReference = AAB735E035ADBAB0123BD385 /* Pods-todo.release.xcconfig */;
			buildSettings = {
				ASSETCATALOG_COMPILER_APPICON_NAME = AppIcon;
				CODE_SIGN_STYLE = Automatic;
				DEVELOPMENT_TEAM = A33L9G529Z;
				INFOPLIST_FILE = todo/Info.plist;
				LD_RUNPATH_SEARCH_PATHS = "$(inherited) @executable_path/Frameworks";
				PRODUCT_BUNDLE_IDENTIFIER = hyowonee.todo;
				PRODUCT_NAME = "$(TARGET_NAME)";
				SWIFT_VERSION = 4.0;
				TARGETED_DEVICE_FAMILY = "1,2";
			};
			name = Release;
		};
/* End XCBuildConfiguration section */

/* Begin XCConfigurationList section */
		ECF522082074FCF200CE2505 /* Build configuration list for PBXProject "todo" */ = {
			isa = XCConfigurationList;
			buildConfigurations = (
				ECF5221D2074FCF200CE2505 /* Debug */,
				ECF5221E2074FCF200CE2505 /* Release */,
			);
			defaultConfigurationIsVisible = 0;
			defaultConfigurationName = Release;
		};
		ECF5221F2074FCF200CE2505 /* Build configuration list for PBXNativeTarget "todo" */ = {
			isa = XCConfigurationList;
			buildConfigurations = (
				ECF522202074FCF200CE2505 /* Debug */,
				ECF522212074FCF200CE2505 /* Release */,
			);
			defaultConfigurationIsVisible = 0;
			defaultConfigurationName = Release;
		};
/* End XCConfigurationList section */
	};
	rootObject = ECF522052074FCF200CE2505 /* Project object */;
}
