// !$*UTF8*$!
{
	archiveVersion = 1;
	classes = {
	};
	objectVersion = 50;
	objects = {

/* Begin PBXBuildFile section */
		EC0E9F42208F209700C2AD48 /* AppDelegate.swift in Sources */ = {isa = PBXBuildFile; fileRef = EC0E9F41208F209700C2AD48 /* AppDelegate.swift */; };
		EC0E9F44208F209700C2AD48 /* ViewController.swift in Sources */ = {isa = PBXBuildFile; fileRef = EC0E9F43208F209700C2AD48 /* ViewController.swift */; };
		EC0E9F47208F209700C2AD48 /* Main.storyboard in Resources */ = {isa = PBXBuildFile; fileRef = EC0E9F45208F209700C2AD48 /* Main.storyboard */; };
		EC0E9F49208F209900C2AD48 /* Assets.xcassets in Resources */ = {isa = PBXBuildFile; fileRef = EC0E9F48208F209900C2AD48 /* Assets.xcassets */; };
		EC0E9F4C208F209900C2AD48 /* LaunchScreen.storyboard in Resources */ = {isa = PBXBuildFile; fileRef = EC0E9F4A208F209900C2AD48 /* LaunchScreen.storyboard */; };
		EC0E9F54208F24D300C2AD48 /* checkBoxView.swift in Sources */ = {isa = PBXBuildFile; fileRef = EC0E9F53208F24D300C2AD48 /* checkBoxView.swift */; };
/* End PBXBuildFile section */

/* Begin PBXFileReference section */
		EC0E9F3E208F209700C2AD48 /* checkBox.app */ = {isa = PBXFileReference; explicitFileType = wrapper.application; includeInIndex = 0; path = checkBox.app; sourceTree = BUILT_PRODUCTS_DIR; };
		EC0E9F41208F209700C2AD48 /* AppDelegate.swift */ = {isa = PBXFileReference; lastKnownFileType = sourcecode.swift; path = AppDelegate.swift; sourceTree = "<group>"; };
		EC0E9F43208F209700C2AD48 /* ViewController.swift */ = {isa = PBXFileReference; lastKnownFileType = sourcecode.swift; path = ViewController.swift; sourceTree = "<group>"; };
		EC0E9F46208F209700C2AD48 /* Base */ = {isa = PBXFileReference; lastKnownFileType = file.storyboard; name = Base; path = Base.lproj/Main.storyboard; sourceTree = "<group>"; };
		EC0E9F48208F209900C2AD48 /* Assets.xcassets */ = {isa = PBXFileReference; lastKnownFileType = folder.assetcatalog; path = Assets.xcassets; sourceTree = "<group>"; };
		EC0E9F4B208F209900C2AD48 /* Base */ = {isa = PBXFileReference; lastKnownFileType = file.storyboard; name = Base; path = Base.lproj/LaunchScreen.storyboard; sourceTree = "<group>"; };
		EC0E9F4D208F209900C2AD48 /* Info.plist */ = {isa = PBXFileReference; lastKnownFileType = text.plist.xml; path = Info.plist; sourceTree = "<group>"; };
		EC0E9F53208F24D300C2AD48 /* checkBoxView.swift */ = {isa = PBXFileReference; lastKnownFileType = sourcecode.swift; path = checkBoxView.swift; sourceTree = "<group>"; };
/* End PBXFileReference section */

/* Begin PBXFrameworksBuildPhase section */
		EC0E9F3B208F209700C2AD48 /* Frameworks */ = {
			isa = PBXFrameworksBuildPhase;
			buildActionMask = 2147483647;
			files = (
			);
			runOnlyForDeploymentPostprocessing = 0;
		};
/* End PBXFrameworksBuildPhase section */

/* Begin PBXGroup section */
		EC0E9F35208F209700C2AD48 = {
			isa = PBXGroup;
			children = (
				EC0E9F40208F209700C2AD48 /* checkBox */,
				EC0E9F3F208F209700C2AD48 /* Products */,
			);
			sourceTree = "<group>";
		};
		EC0E9F3F208F209700C2AD48 /* Products */ = {
			isa = PBXGroup;
			children = (
				EC0E9F3E208F209700C2AD48 /* checkBox.app */,
			);
			name = Products;
			sourceTree = "<group>";
		};
		EC0E9F40208F209700C2AD48 /* checkBox */ = {
			isa = PBXGroup;
			children = (
				EC0E9F41208F209700C2AD48 /* AppDelegate.swift */,
				EC0E9F43208F209700C2AD48 /* ViewController.swift */,
				EC0E9F45208F209700C2AD48 /* Main.storyboard */,
				EC0E9F48208F209900C2AD48 /* Assets.xcassets */,
				EC0E9F4A208F209900C2AD48 /* LaunchScreen.storyboard */,
				EC0E9F4D208F209900C2AD48 /* Info.plist */,
				EC0E9F53208F24D300C2AD48 /* checkBoxView.swift */,
			);
			path = checkBox;
			sourceTree = "<group>";
		};
/* End PBXGroup section */

/* Begin PBXNativeTarget section */
		EC0E9F3D208F209700C2AD48 /* checkBox */ = {
			isa = PBXNativeTarget;
			buildConfigurationList = EC0E9F50208F209900C2AD48 /* Build configuration list for PBXNativeTarget "checkBox" */;
			buildPhases = (
				EC0E9F3A208F209700C2AD48 /* Sources */,
				EC0E9F3B208F209700C2AD48 /* Frameworks */,
				EC0E9F3C208F209700C2AD48 /* Resources */,
			);
			buildRules = (
			);
			dependencies = (
			);
			name = checkBox;
			productName = checkBox;
			productReference = EC0E9F3E208F209700C2AD48 /* checkBox.app */;
			productType = "com.apple.product-type.application";
		};
/* End PBXNativeTarget section */

/* Begin PBXProject section */
		EC0E9F36208F209700C2AD48 /* Project object */ = {
			isa = PBXProject;
			attributes = {
				LastSwiftUpdateCheck = 0940;
				LastUpgradeCheck = 0940;
				ORGANIZATIONNAME = "Hyowon Choi";
				TargetAttributes = {
					EC0E9F3D208F209700C2AD48 = {
						CreatedOnToolsVersion = 9.4;
					};
				};
			};
			buildConfigurationList = EC0E9F39208F209700C2AD48 /* Build configuration list for PBXProject "checkBox" */;
			compatibilityVersion = "Xcode 9.3";
			developmentRegion = en;
			hasScannedForEncodings = 0;
			knownRegions = (
				en,
				Base,
			);
			mainGroup = EC0E9F35208F209700C2AD48;
			productRefGroup = EC0E9F3F208F209700C2AD48 /* Products */;
			projectDirPath = "";
			projectRoot = "";
			targets = (
				EC0E9F3D208F209700C2AD48 /* checkBox */,
			);
		};
/* End PBXProject section */

/* Begin PBXResourcesBuildPhase section */
		EC0E9F3C208F209700C2AD48 /* Resources */ = {
			isa = PBXResourcesBuildPhase;
			buildActionMask = 2147483647;
			files = (
				EC0E9F4C208F209900C2AD48 /* LaunchScreen.storyboard in Resources */,
				EC0E9F49208F209900C2AD48 /* Assets.xcassets in Resources */,
				EC0E9F47208F209700C2AD48 /* Main.storyboard in Resources */,
			);
			runOnlyForDeploymentPostprocessing = 0;
		};
/* End PBXResourcesBuildPhase section */

/* Begin PBXSourcesBuildPhase section */
		EC0E9F3A208F209700C2AD48 /* Sources */ = {
			isa = PBXSourcesBuildPhase;
			buildActionMask = 2147483647;
			files = (
				EC0E9F44208F209700C2AD48 /* ViewController.swift in Sources */,
				EC0E9F54208F24D300C2AD48 /* checkBoxView.swift in Sources */,
				EC0E9F42208F209700C2AD48 /* AppDelegate.swift in Sources */,
			);
			runOnlyForDeploymentPostprocessing = 0;
		};
/* End PBXSourcesBuildPhase section */

/* Begin PBXVariantGroup section */
		EC0E9F45208F209700C2AD48 /* Main.storyboard */ = {
			isa = PBXVariantGroup;
			children = (
				EC0E9F46208F209700C2AD48 /* Base */,
			);
			name = Main.storyboard;
			sourceTree = "<group>";
		};
		EC0E9F4A208F209900C2AD48 /* LaunchScreen.storyboard */ = {
			isa = PBXVariantGroup;
			children = (
				EC0E9F4B208F209900C2AD48 /* Base */,
			);
			name = LaunchScreen.storyboard;
			sourceTree = "<group>";
		};
/* End PBXVariantGroup section */

/* Begin XCBuildConfiguration section */
		EC0E9F4E208F209900C2AD48 /* Debug */ = {
			isa = XCBuildConfiguration;
			buildSettings = {
				ALWAYS_SEARCH_USER_PATHS = NO;
				CLANG_ANALYZER_NONNULL = YES;
				CLANG_ANALYZER_NUMBER_OBJECT_CONVERSION = YES_AGGRESSIVE;
				CLANG_CXX_LANGUAGE_STANDARD = "gnu++14";
				CLANG_CXX_LIBRARY = "libc++";
				CLANG_ENABLE_MODULES = YES;
				CLANG_ENABLE_OBJC_ARC = YES;
				CLANG_ENABLE_OBJC_WEAK = YES;
				CLANG_WARN_BLOCK_CAPTURE_AUTORELEASING = YES;
				CLANG_WARN_BOOL_CONVERSION = YES;
				CLANG_WARN_COMMA = YES;
				CLANG_WARN_CONSTANT_CONVERSION = YES;
				CLANG_WARN_DEPRECATED_OBJC_IMPLEMENTATIONS = YES;
				CLANG_WARN_DIRECT_OBJC_ISA_USAGE = YES_ERROR;
				CLANG_WARN_DOCUMENTATION_COMMENTS = YES;
				CLANG_WARN_EMPTY_BODY = YES;
				CLANG_WARN_ENUM_CONVERSION = YES;
				CLANG_WARN_INFINITE_RECURSION = YES;
				CLANG_WARN_INT_CONVERSION = YES;
				CLANG_WARN_NON_LITERAL_NULL_CONVERSION = YES;
				CLANG_WARN_OBJC_IMPLICIT_RETAIN_SELF = YES;
				CLANG_WARN_OBJC_LITERAL_CONVERSION = YES;
				CLANG_WARN_OBJC_ROOT_CLASS = YES_ERROR;
				CLANG_WARN_RANGE_LOOP_ANALYSIS = YES;
				CLANG_WARN_STRICT_PROTOTYPES = YES;
				CLANG_WARN_SUSPICIOUS_MOVE = YES;
				CLANG_WARN_UNGUARDED_AVAILABILITY = YES_AGGRESSIVE;
				CLANG_WARN_UNREACHABLE_CODE = YES;
				CLANG_WARN__DUPLICATE_METHOD_MATCH = YES;
				CODE_SIGN_IDENTITY = "iPhone Developer";
				COPY_PHASE_STRIP = NO;
				DEBUG_INFORMATION_FORMAT = dwarf;
				ENABLE_STRICT_OBJC_MSGSEND = YES;
				ENABLE_TESTABILITY = YES;
				GCC_C_LANGUAGE_STANDARD = gnu11;
				GCC_DYNAMIC_NO_PIC = NO;
				GCC_NO_COMMON_BLOCKS = YES;
				GCC_OPTIMIZATION_LEVEL = 0;
				GCC_PREPROCESSOR_DEFINITIONS = (
					"DEBUG=1",
					"$(inherited)",
				);
				GCC_WARN_64_TO_32_BIT_CONVERSION = YES;
				GCC_WARN_ABOUT_RETURN_TYPE = YES_ERROR;
				GCC_WARN_UNDECLARED_SELECTOR = YES;
				GCC_WARN_UNINITIALIZED_AUTOS = YES_AGGRESSIVE;
				GCC_WARN_UNUSED_FUNCTION = YES;
				GCC_WARN_UNUSED_VARIABLE = YES;
				IPHONEOS_DEPLOYMENT_TARGET = 11.4;
				MTL_ENABLE_DEBUG_INFO = YES;
				ONLY_ACTIVE_ARCH = YES;
				SDKROOT = iphoneos;
				SWIFT_ACTIVE_COMPILATION_CONDITIONS = DEBUG;
				SWIFT_OPTIMIZATION_LEVEL = "-Onone";
			};
			name = Debug;
		};
		EC0E9F4F208F209900C2AD48 /* Release */ = {
			isa = XCBuildConfiguration;
			buildSettings = {
				ALWAYS_SEARCH_USER_PATHS = NO;
				CLANG_ANALYZER_NONNULL = YES;
				CLANG_ANALYZER_NUMBER_OBJECT_CONVERSION = YES_AGGRESSIVE;
				CLANG_CXX_LANGUAGE_STANDARD = "gnu++14";
				CLANG_CXX_LIBRARY = "libc++";
				CLANG_ENABLE_MODULES = YES;
				CLANG_ENABLE_OBJC_ARC = YES;
				CLANG_ENABLE_OBJC_WEAK = YES;
				CLANG_WARN_BLOCK_CAPTURE_AUTORELEASING = YES;
				CLANG_WARN_BOOL_CONVERSION = YES;
				CLANG_WARN_COMMA = YES;
				CLANG_WARN_CONSTANT_CONVERSION = YES;
				CLANG_WARN_DEPRECATED_OBJC_IMPLEMENTATIONS = YES;
				CLANG_WARN_DIRECT_OBJC_ISA_USAGE = YES_ERROR;
				CLANG_WARN_DOCUMENTATION_COMMENTS = YES;
				CLANG_WARN_EMPTY_BODY = YES;
				CLANG_WARN_ENUM_CONVERSION = YES;
				CLANG_WARN_INFINITE_RECURSION = YES;
				CLANG_WARN_INT_CONVERSION = YES;
				CLANG_WARN_NON_LITERAL_NULL_CONVERSION = YES;
				CLANG_WARN_OBJC_IMPLICIT_RETAIN_SELF = YES;
				CLANG_WARN_OBJC_LITERAL_CONVERSION = YES;
				CLANG_WARN_OBJC_ROOT_CLASS = YES_ERROR;
				CLANG_WARN_RANGE_LOOP_ANALYSIS = YES;
				CLANG_WARN_STRICT_PROTOTYPES = YES;
				CLANG_WARN_SUSPICIOUS_MOVE = YES;
				CLANG_WARN_UNGUARDED_AVAILABILITY = YES_AGGRESSIVE;
				CLANG_WARN_UNREACHABLE_CODE = YES;
				CLANG_WARN__DUPLICATE_METHOD_MATCH = YES;
				CODE_SIGN_IDENTITY = "iPhone Developer";
				COPY_PHASE_STRIP = NO;
				DEBUG_INFORMATION_FORMAT = "dwarf-with-dsym";
				ENABLE_NS_ASSERTIONS = NO;
				ENABLE_STRICT_OBJC_MSGSEND = YES;
				GCC_C_LANGUAGE_STANDARD = gnu11;
				GCC_NO_COMMON_BLOCKS = YES;
				GCC_WARN_64_TO_32_BIT_CONVERSION = YES;
				GCC_WARN_ABOUT_RETURN_TYPE = YES_ERROR;
				GCC_WARN_UNDECLARED_SELECTOR = YES;
				GCC_WARN_UNINITIALIZED_AUTOS = YES_AGGRESSIVE;
				GCC_WARN_UNUSED_FUNCTION = YES;
				GCC_WARN_UNUSED_VARIABLE = YES;
				IPHONEOS_DEPLOYMENT_TARGET = 11.4;
				MTL_ENABLE_DEBUG_INFO = NO;
				SDKROOT = iphoneos;
				SWIFT_COMPILATION_MODE = wholemodule;
				SWIFT_OPTIMIZATION_LEVEL = "-O";
				VALIDATE_PRODUCT = YES;
			};
			name = Release;
		};
		EC0E9F51208F209900C2AD48 /* Debug */ = {
			isa = XCBuildConfiguration;
			buildSettings = {
				ASSETCATALOG_COMPILER_APPICON_NAME = AppIcon;
				CODE_SIGN_STYLE = Automatic;
				DEVELOPMENT_TEAM = A33L9G529Z;
				INFOPLIST_FILE = checkBox/Info.plist;
				LD_RUNPATH_SEARCH_PATHS = (
					"$(inherited)",
					"@executable_path/Frameworks",
				);
				PRODUCT_BUNDLE_IDENTIFIER = hyowonee.checkBox;
				PRODUCT_NAME = "$(TARGET_NAME)";
				SWIFT_VERSION = 4.0;
				TARGETED_DEVICE_FAMILY = "1,2";
			};
			name = Debug;
		};
		EC0E9F52208F209900C2AD48 /* Release */ = {
			isa = XCBuildConfiguration;
			buildSettings = {
				ASSETCATALOG_COMPILER_APPICON_NAME = AppIcon;
				CODE_SIGN_STYLE = Automatic;
				DEVELOPMENT_TEAM = A33L9G529Z;
				INFOPLIST_FILE = checkBox/Info.plist;
				LD_RUNPATH_SEARCH_PATHS = (
					"$(inherited)",
					"@executable_path/Frameworks",
				);
				PRODUCT_BUNDLE_IDENTIFIER = hyowonee.checkBox;
				PRODUCT_NAME = "$(TARGET_NAME)";
				SWIFT_VERSION = 4.0;
				TARGETED_DEVICE_FAMILY = "1,2";
			};
			name = Release;
		};
/* End XCBuildConfiguration section */

/* Begin XCConfigurationList section */
		EC0E9F39208F209700C2AD48 /* Build configuration list for PBXProject "checkBox" */ = {
			isa = XCConfigurationList;
			buildConfigurations = (
				EC0E9F4E208F209900C2AD48 /* Debug */,
				EC0E9F4F208F209900C2AD48 /* Release */,
			);
			defaultConfigurationIsVisible = 0;
			defaultConfigurationName = Release;
		};
		EC0E9F50208F209900C2AD48 /* Build configuration list for PBXNativeTarget "checkBox" */ = {
			isa = XCConfigurationList;
			buildConfigurations = (
				EC0E9F51208F209900C2AD48 /* Debug */,
				EC0E9F52208F209900C2AD48 /* Release */,
			);
			defaultConfigurationIsVisible = 0;
			defaultConfigurationName = Release;
		};
/* End XCConfigurationList section */
	};
	rootObject = EC0E9F36208F209700C2AD48 /* Project object */;
}
