// !$*UTF8*$!
{
	archiveVersion = 1;
	classes = {
	};
	objectVersion = 50;
	objects = {

/* Begin PBXBuildFile section */
		916B86F7392C133E2DA1AE9D /* Pods_GoogleMapSample.framework in Frameworks */ = {isa = PBXBuildFile; fileRef = E3AB76D5C308F893FBD53552 /* Pods_GoogleMapSample.framework */; };
		EC770B0D2078C30A00C6E1B5 /* AppDelegate.swift in Sources */ = {isa = PBXBuildFile; fileRef = EC770B0C2078C30A00C6E1B5 /* AppDelegate.swift */; };
		EC770B0F2078C30A00C6E1B5 /* ViewController.swift in Sources */ = {isa = PBXBuildFile; fileRef = EC770B0E2078C30A00C6E1B5 /* ViewController.swift */; };
		EC770B122078C30A00C6E1B5 /* Main.storyboard in Resources */ = {isa = PBXBuildFile; fileRef = EC770B102078C30A00C6E1B5 /* Main.storyboard */; };
		EC770B142078C30C00C6E1B5 /* Assets.xcassets in Resources */ = {isa = PBXBuildFile; fileRef = EC770B132078C30C00C6E1B5 /* Assets.xcassets */; };
		EC770B172078C30C00C6E1B5 /* LaunchScreen.storyboard in Resources */ = {isa = PBXBuildFile; fileRef = EC770B152078C30C00C6E1B5 /* LaunchScreen.storyboard */; };
/* End PBXBuildFile section */

/* Begin PBXFileReference section */
		50DC0E12B8A5B2EB1768845F /* Pods-GoogleMapSample.release.xcconfig */ = {isa = PBXFileReference; includeInIndex = 1; lastKnownFileType = text.xcconfig; name = "Pods-GoogleMapSample.release.xcconfig"; path = "Pods/Target Support Files/Pods-GoogleMapSample/Pods-GoogleMapSample.release.xcconfig"; sourceTree = "<group>"; };
		90FE3120A77DF26CB0261404 /* Pods-GoogleMapSample.debug.xcconfig */ = {isa = PBXFileReference; includeInIndex = 1; lastKnownFileType = text.xcconfig; name = "Pods-GoogleMapSample.debug.xcconfig"; path = "Pods/Target Support Files/Pods-GoogleMapSample/Pods-GoogleMapSample.debug.xcconfig"; sourceTree = "<group>"; };
		E3AB76D5C308F893FBD53552 /* Pods_GoogleMapSample.framework */ = {isa = PBXFileReference; explicitFileType = wrapper.framework; includeInIndex = 0; path = Pods_GoogleMapSample.framework; sourceTree = BUILT_PRODUCTS_DIR; };
		EC770B092078C30A00C6E1B5 /* GoogleMapSample.app */ = {isa = PBXFileReference; explicitFileType = wrapper.application; includeInIndex = 0; path = GoogleMapSample.app; sourceTree = BUILT_PRODUCTS_DIR; };
		EC770B0C2078C30A00C6E1B5 /* AppDelegate.swift */ = {isa = PBXFileReference; lastKnownFileType = sourcecode.swift; path = AppDelegate.swift; sourceTree = "<group>"; };
		EC770B0E2078C30A00C6E1B5 /* ViewController.swift */ = {isa = PBXFileReference; lastKnownFileType = sourcecode.swift; path = ViewController.swift; sourceTree = "<group>"; };
		EC770B112078C30A00C6E1B5 /* Base */ = {isa = PBXFileReference; lastKnownFileType = file.storyboard; name = Base; path = Base.lproj/Main.storyboard; sourceTree = "<group>"; };
		EC770B132078C30C00C6E1B5 /* Assets.xcassets */ = {isa = PBXFileReference; lastKnownFileType = folder.assetcatalog; path = Assets.xcassets; sourceTree = "<group>"; };
		EC770B162078C30C00C6E1B5 /* Base */ = {isa = PBXFileReference; lastKnownFileType = file.storyboard; name = Base; path = Base.lproj/LaunchScreen.storyboard; sourceTree = "<group>"; };
		EC770B182078C30C00C6E1B5 /* Info.plist */ = {isa = PBXFileReference; lastKnownFileType = text.plist.xml; path = Info.plist; sourceTree = "<group>"; };
/* End PBXFileReference section */

/* Begin PBXFrameworksBuildPhase section */
		EC770B062078C30A00C6E1B5 /* Frameworks */ = {
			isa = PBXFrameworksBuildPhase;
			buildActionMask = 2147483647;
			files = (
				916B86F7392C133E2DA1AE9D /* Pods_GoogleMapSample.framework in Frameworks */,
			);
			runOnlyForDeploymentPostprocessing = 0;
		};
/* End PBXFrameworksBuildPhase section */

/* Begin PBXGroup section */
		69DED5320471ECD4777DD6A9 /* Frameworks */ = {
			isa = PBXGroup;
			children = (
				E3AB76D5C308F893FBD53552 /* Pods_GoogleMapSample.framework */,
			);
			name = Frameworks;
			sourceTree = "<group>";
		};
		AD5433981D62EEA876F8DA87 /* Pods */ = {
			isa = PBXGroup;
			children = (
				90FE3120A77DF26CB0261404 /* Pods-GoogleMapSample.debug.xcconfig */,
				50DC0E12B8A5B2EB1768845F /* Pods-GoogleMapSample.release.xcconfig */,
			);
			name = Pods;
			sourceTree = "<group>";
		};
		EC770B002078C30A00C6E1B5 = {
			isa = PBXGroup;
			children = (
				EC770B0B2078C30A00C6E1B5 /* GoogleMapSample */,
				EC770B0A2078C30A00C6E1B5 /* Products */,
				AD5433981D62EEA876F8DA87 /* Pods */,
				69DED5320471ECD4777DD6A9 /* Frameworks */,
			);
			sourceTree = "<group>";
		};
		EC770B0A2078C30A00C6E1B5 /* Products */ = {
			isa = PBXGroup;
			children = (
				EC770B092078C30A00C6E1B5 /* GoogleMapSample.app */,
			);
			name = Products;
			sourceTree = "<group>";
		};
		EC770B0B2078C30A00C6E1B5 /* GoogleMapSample */ = {
			isa = PBXGroup;
			children = (
				EC770B0C2078C30A00C6E1B5 /* AppDelegate.swift */,
				EC770B0E2078C30A00C6E1B5 /* ViewController.swift */,
				EC770B102078C30A00C6E1B5 /* Main.storyboard */,
				EC770B132078C30C00C6E1B5 /* Assets.xcassets */,
				EC770B152078C30C00C6E1B5 /* LaunchScreen.storyboard */,
				EC770B182078C30C00C6E1B5 /* Info.plist */,
			);
			path = GoogleMapSample;
			sourceTree = "<group>";
		};
/* End PBXGroup section */

/* Begin PBXNativeTarget section */
		EC770B082078C30A00C6E1B5 /* GoogleMapSample */ = {
			isa = PBXNativeTarget;
			buildConfigurationList = EC770B1B2078C30C00C6E1B5 /* Build configuration list for PBXNativeTarget "GoogleMapSample" */;
			buildPhases = (
				29F9A21A4BC097B798E31302 /* [CP] Check Pods Manifest.lock */,
				EC770B052078C30A00C6E1B5 /* Sources */,
				EC770B062078C30A00C6E1B5 /* Frameworks */,
				EC770B072078C30A00C6E1B5 /* Resources */,
				1484F6810A416DD98F700ED2 /* [CP] Embed Pods Frameworks */,
				EBE4C24C9D0D08D4C669BE64 /* [CP] Copy Pods Resources */,
			);
			buildRules = (
			);
			dependencies = (
			);
			name = GoogleMapSample;
			productName = GoogleMapSample;
			productReference = EC770B092078C30A00C6E1B5 /* GoogleMapSample.app */;
			productType = "com.apple.product-type.application";
		};
/* End PBXNativeTarget section */

/* Begin PBXProject section */
		EC770B012078C30A00C6E1B5 /* Project object */ = {
			isa = PBXProject;
			attributes = {
				LastSwiftUpdateCheck = 0930;
				LastUpgradeCheck = 0930;
				ORGANIZATIONNAME = "Hyowon Choi";
				TargetAttributes = {
					EC770B082078C30A00C6E1B5 = {
						CreatedOnToolsVersion = 9.3;
					};
				};
			};
			buildConfigurationList = EC770B042078C30A00C6E1B5 /* Build configuration list for PBXProject "GoogleMapSample" */;
			compatibilityVersion = "Xcode 9.3";
			developmentRegion = en;
			hasScannedForEncodings = 0;
			knownRegions = (
				en,
				Base,
			);
			mainGroup = EC770B002078C30A00C6E1B5;
			productRefGroup = EC770B0A2078C30A00C6E1B5 /* Products */;
			projectDirPath = "";
			projectRoot = "";
			targets = (
				EC770B082078C30A00C6E1B5 /* GoogleMapSample */,
			);
		};
/* End PBXProject section */

/* Begin PBXResourcesBuildPhase section */
		EC770B072078C30A00C6E1B5 /* Resources */ = {
			isa = PBXResourcesBuildPhase;
			buildActionMask = 2147483647;
			files = (
				EC770B172078C30C00C6E1B5 /* LaunchScreen.storyboard in Resources */,
				EC770B142078C30C00C6E1B5 /* Assets.xcassets in Resources */,
				EC770B122078C30A00C6E1B5 /* Main.storyboard in Resources */,
			);
			runOnlyForDeploymentPostprocessing = 0;
		};
/* End PBXResourcesBuildPhase section */

/* Begin PBXShellScriptBuildPhase section */
		1484F6810A416DD98F700ED2 /* [CP] Embed Pods Frameworks */ = {
			isa = PBXShellScriptBuildPhase;
			buildActionMask = 2147483647;
			files = (
			);
			inputPaths = (
			);
			name = "[CP] Embed Pods Frameworks";
			outputPaths = (
			);
			runOnlyForDeploymentPostprocessing = 0;
			shellPath = /bin/sh;
			shellScript = "\"${SRCROOT}/Pods/Target Support Files/Pods-GoogleMapSample/Pods-GoogleMapSample-frameworks.sh\"\n";
			showEnvVarsInLog = 0;
		};
		29F9A21A4BC097B798E31302 /* [CP] Check Pods Manifest.lock */ = {
			isa = PBXShellScriptBuildPhase;
			buildActionMask = 2147483647;
			files = (
			);
			inputPaths = (
				"${PODS_PODFILE_DIR_PATH}/Podfile.lock",
				"${PODS_ROOT}/Manifest.lock",
			);
			name = "[CP] Check Pods Manifest.lock";
			outputPaths = (
				"$(DERIVED_FILE_DIR)/Pods-GoogleMapSample-checkManifestLockResult.txt",
			);
			runOnlyForDeploymentPostprocessing = 0;
			shellPath = /bin/sh;
			shellScript = "diff \"${PODS_PODFILE_DIR_PATH}/Podfile.lock\" \"${PODS_ROOT}/Manifest.lock\" > /dev/null\nif [ $? != 0 ] ; then\n    # print error to STDERR\n    echo \"error: The sandbox is not in sync with the Podfile.lock. Run 'pod install' or update your CocoaPods installation.\" >&2\n    exit 1\nfi\n# This output is used by Xcode 'outputs' to avoid re-running this script phase.\necho \"SUCCESS\" > \"${SCRIPT_OUTPUT_FILE_0}\"\n";
			showEnvVarsInLog = 0;
		};
		EBE4C24C9D0D08D4C669BE64 /* [CP] Copy Pods Resources */ = {
			isa = PBXShellScriptBuildPhase;
			buildActionMask = 2147483647;
			files = (
			);
			inputPaths = (
				"${SRCROOT}/Pods/Target Support Files/Pods-GoogleMapSample/Pods-GoogleMapSample-resources.sh",
				"${PODS_ROOT}/GoogleMaps/Maps/Frameworks/GoogleMaps.framework/Resources/GoogleMaps.bundle",
			);
			name = "[CP] Copy Pods Resources";
			outputPaths = (
				"${TARGET_BUILD_DIR}/${UNLOCALIZED_RESOURCES_FOLDER_PATH}/GoogleMaps.bundle",
			);
			runOnlyForDeploymentPostprocessing = 0;
			shellPath = /bin/sh;
			shellScript = "\"${SRCROOT}/Pods/Target Support Files/Pods-GoogleMapSample/Pods-GoogleMapSample-resources.sh\"\n";
			showEnvVarsInLog = 0;
		};
/* End PBXShellScriptBuildPhase section */

/* Begin PBXSourcesBuildPhase section */
		EC770B052078C30A00C6E1B5 /* Sources */ = {
			isa = PBXSourcesBuildPhase;
			buildActionMask = 2147483647;
			files = (
				EC770B0F2078C30A00C6E1B5 /* ViewController.swift in Sources */,
				EC770B0D2078C30A00C6E1B5 /* AppDelegate.swift in Sources */,
			);
			runOnlyForDeploymentPostprocessing = 0;
		};
/* End PBXSourcesBuildPhase section */

/* Begin PBXVariantGroup section */
		EC770B102078C30A00C6E1B5 /* Main.storyboard */ = {
			isa = PBXVariantGroup;
			children = (
				EC770B112078C30A00C6E1B5 /* Base */,
			);
			name = Main.storyboard;
			sourceTree = "<group>";
		};
		EC770B152078C30C00C6E1B5 /* LaunchScreen.storyboard */ = {
			isa = PBXVariantGroup;
			children = (
				EC770B162078C30C00C6E1B5 /* Base */,
			);
			name = LaunchScreen.storyboard;
			sourceTree = "<group>";
		};
/* End PBXVariantGroup section */

/* Begin XCBuildConfiguration section */
		EC770B192078C30C00C6E1B5 /* Debug */ = {
			isa = XCBuildConfiguration;
			buildSettings = {
				ALWAYS_SEARCH_USER_PATHS = NO;
				CLANG_ANALYZER_NONNULL = YES;
				CLANG_ANALYZER_NUMBER_OBJECT_CONVERSION = YES_AGGRESSIVE;
				CLANG_CXX_LANGUAGE_STANDARD = "gnu++14";
				CLANG_CXX_LIBRARY = "libc++";
				CLANG_ENABLE_MODULES = YES;
				CLANG_ENABLE_OBJC_ARC = YES;
				CLANG_ENABLE_OBJC_WEAK = YES;
				CLANG_WARN_BLOCK_CAPTURE_AUTORELEASING = YES;
				CLANG_WARN_BOOL_CONVERSION = YES;
				CLANG_WARN_COMMA = YES;
				CLANG_WARN_CONSTANT_CONVERSION = YES;
				CLANG_WARN_DEPRECATED_OBJC_IMPLEMENTATIONS = YES;
				CLANG_WARN_DIRECT_OBJC_ISA_USAGE = YES_ERROR;
				CLANG_WARN_DOCUMENTATION_COMMENTS = YES;
				CLANG_WARN_EMPTY_BODY = YES;
				CLANG_WARN_ENUM_CONVERSION = YES;
				CLANG_WARN_INFINITE_RECURSION = YES;
				CLANG_WARN_INT_CONVERSION = YES;
				CLANG_WARN_NON_LITERAL_NULL_CONVERSION = YES;
				CLANG_WARN_OBJC_IMPLICIT_RETAIN_SELF = YES;
				CLANG_WARN_OBJC_LITERAL_CONVERSION = YES;
				CLANG_WARN_OBJC_ROOT_CLASS = YES_ERROR;
				CLANG_WARN_RANGE_LOOP_ANALYSIS = YES;
				CLANG_WARN_STRICT_PROTOTYPES = YES;
				CLANG_WARN_SUSPICIOUS_MOVE = YES;
				CLANG_WARN_UNGUARDED_AVAILABILITY = YES_AGGRESSIVE;
				CLANG_WARN_UNREACHABLE_CODE = YES;
				CLANG_WARN__DUPLICATE_METHOD_MATCH = YES;
				CODE_SIGN_IDENTITY = "iPhone Developer";
				COPY_PHASE_STRIP = NO;
				DEBUG_INFORMATION_FORMAT = dwarf;
				ENABLE_STRICT_OBJC_MSGSEND = YES;
				ENABLE_TESTABILITY = YES;
				GCC_C_LANGUAGE_STANDARD = gnu11;
				GCC_DYNAMIC_NO_PIC = NO;
				GCC_NO_COMMON_BLOCKS = YES;
				GCC_OPTIMIZATION_LEVEL = 0;
				GCC_PREPROCESSOR_DEFINITIONS = (
					"DEBUG=1",
					"$(inherited)",
				);
				GCC_WARN_64_TO_32_BIT_CONVERSION = YES;
				GCC_WARN_ABOUT_RETURN_TYPE = YES_ERROR;
				GCC_WARN_UNDECLARED_SELECTOR = YES;
				GCC_WARN_UNINITIALIZED_AUTOS = YES_AGGRESSIVE;
				GCC_WARN_UNUSED_FUNCTION = YES;
				GCC_WARN_UNUSED_VARIABLE = YES;
				IPHONEOS_DEPLOYMENT_TARGET = 11.3;
				MTL_ENABLE_DEBUG_INFO = YES;
				ONLY_ACTIVE_ARCH = YES;
				SDKROOT = iphoneos;
				SWIFT_ACTIVE_COMPILATION_CONDITIONS = DEBUG;
				SWIFT_OPTIMIZATION_LEVEL = "-Onone";
			};
			name = Debug;
		};
		EC770B1A2078C30C00C6E1B5 /* Release */ = {
			isa = XCBuildConfiguration;
			buildSettings = {
				ALWAYS_SEARCH_USER_PATHS = NO;
				CLANG_ANALYZER_NONNULL = YES;
				CLANG_ANALYZER_NUMBER_OBJECT_CONVERSION = YES_AGGRESSIVE;
				CLANG_CXX_LANGUAGE_STANDARD = "gnu++14";
				CLANG_CXX_LIBRARY = "libc++";
				CLANG_ENABLE_MODULES = YES;
				CLANG_ENABLE_OBJC_ARC = YES;
				CLANG_ENABLE_OBJC_WEAK = YES;
				CLANG_WARN_BLOCK_CAPTURE_AUTORELEASING = YES;
				CLANG_WARN_BOOL_CONVERSION = YES;
				CLANG_WARN_COMMA = YES;
				CLANG_WARN_CONSTANT_CONVERSION = YES;
				CLANG_WARN_DEPRECATED_OBJC_IMPLEMENTATIONS = YES;
				CLANG_WARN_DIRECT_OBJC_ISA_USAGE = YES_ERROR;
				CLANG_WARN_DOCUMENTATION_COMMENTS = YES;
				CLANG_WARN_EMPTY_BODY = YES;
				CLANG_WARN_ENUM_CONVERSION = YES;
				CLANG_WARN_INFINITE_RECURSION = YES;
				CLANG_WARN_INT_CONVERSION = YES;
				CLANG_WARN_NON_LITERAL_NULL_CONVERSION = YES;
				CLANG_WARN_OBJC_IMPLICIT_RETAIN_SELF = YES;
				CLANG_WARN_OBJC_LITERAL_CONVERSION = YES;
				CLANG_WARN_OBJC_ROOT_CLASS = YES_ERROR;
				CLANG_WARN_RANGE_LOOP_ANALYSIS = YES;
				CLANG_WARN_STRICT_PROTOTYPES = YES;
				CLANG_WARN_SUSPICIOUS_MOVE = YES;
				CLANG_WARN_UNGUARDED_AVAILABILITY = YES_AGGRESSIVE;
				CLANG_WARN_UNREACHABLE_CODE = YES;
				CLANG_WARN__DUPLICATE_METHOD_MATCH = YES;
				CODE_SIGN_IDENTITY = "iPhone Developer";
				COPY_PHASE_STRIP = NO;
				DEBUG_INFORMATION_FORMAT = "dwarf-with-dsym";
				ENABLE_NS_ASSERTIONS = NO;
				ENABLE_STRICT_OBJC_MSGSEND = YES;
				GCC_C_LANGUAGE_STANDARD = gnu11;
				GCC_NO_COMMON_BLOCKS = YES;
				GCC_WARN_64_TO_32_BIT_CONVERSION = YES;
				GCC_WARN_ABOUT_RETURN_TYPE = YES_ERROR;
				GCC_WARN_UNDECLARED_SELECTOR = YES;
				GCC_WARN_UNINITIALIZED_AUTOS = YES_AGGRESSIVE;
				GCC_WARN_UNUSED_FUNCTION = YES;
				GCC_WARN_UNUSED_VARIABLE = YES;
				IPHONEOS_DEPLOYMENT_TARGET = 11.3;
				MTL_ENABLE_DEBUG_INFO = NO;
				SDKROOT = iphoneos;
				SWIFT_COMPILATION_MODE = wholemodule;
				SWIFT_OPTIMIZATION_LEVEL = "-O";
				VALIDATE_PRODUCT = YES;
			};
			name = Release;
		};
		EC770B1C2078C30C00C6E1B5 /* Debug */ = {
			isa = XCBuildConfiguration;
			baseConfigurationReference = 90FE3120A77DF26CB0261404 /* Pods-GoogleMapSample.debug.xcconfig */;
			buildSettings = {
				ASSETCATALOG_COMPILER_APPICON_NAME = AppIcon;
				CODE_SIGN_STYLE = Automatic;
				DEVELOPMENT_TEAM = A33L9G529Z;
				INFOPLIST_FILE = GoogleMapSample/Info.plist;
				LD_RUNPATH_SEARCH_PATHS = "$(inherited) @executable_path/Frameworks";
				PRODUCT_BUNDLE_IDENTIFIER = hyowonee.GoogleMapSample;
				PRODUCT_NAME = "$(TARGET_NAME)";
				SWIFT_VERSION = 4.0;
				TARGETED_DEVICE_FAMILY = "1,2";
			};
			name = Debug;
		};
		EC770B1D2078C30C00C6E1B5 /* Release */ = {
			isa = XCBuildConfiguration;
			baseConfigurationReference = 50DC0E12B8A5B2EB1768845F /* Pods-GoogleMapSample.release.xcconfig */;
			buildSettings = {
				ASSETCATALOG_COMPILER_APPICON_NAME = AppIcon;
				CODE_SIGN_STYLE = Automatic;
				DEVELOPMENT_TEAM = A33L9G529Z;
				INFOPLIST_FILE = GoogleMapSample/Info.plist;
				LD_RUNPATH_SEARCH_PATHS = "$(inherited) @executable_path/Frameworks";
				PRODUCT_BUNDLE_IDENTIFIER = hyowonee.GoogleMapSample;
				PRODUCT_NAME = "$(TARGET_NAME)";
				SWIFT_VERSION = 4.0;
				TARGETED_DEVICE_FAMILY = "1,2";
			};
			name = Release;
		};
/* End XCBuildConfiguration section */

/* Begin XCConfigurationList section */
		EC770B042078C30A00C6E1B5 /* Build configuration list for PBXProject "GoogleMapSample" */ = {
			isa = XCConfigurationList;
			buildConfigurations = (
				EC770B192078C30C00C6E1B5 /* Debug */,
				EC770B1A2078C30C00C6E1B5 /* Release */,
			);
			defaultConfigurationIsVisible = 0;
			defaultConfigurationName = Release;
		};
		EC770B1B2078C30C00C6E1B5 /* Build configuration list for PBXNativeTarget "GoogleMapSample" */ = {
			isa = XCConfigurationList;
			buildConfigurations = (
				EC770B1C2078C30C00C6E1B5 /* Debug */,
				EC770B1D2078C30C00C6E1B5 /* Release */,
			);
			defaultConfigurationIsVisible = 0;
			defaultConfigurationName = Release;
		};
/* End XCConfigurationList section */
	};
	rootObject = EC770B012078C30A00C6E1B5 /* Project object */;
}
