// !$*UTF8*$!
{
	archiveVersion = 1;
	classes = {
	};
	objectVersion = 50;
	objects = {

/* Begin PBXBuildFile section */
		CC0496D0345B2C85C68B52F4 /* Pods_RxTodoExample.framework in Frameworks */ = {isa = PBXBuildFile; fileRef = FC00F735C439E04DFC72C017 /* Pods_RxTodoExample.framework */; };
		ECB09F1E209D827F0023984A /* AppDelegate.swift in Sources */ = {isa = PBXBuildFile; fileRef = ECB09F1D209D827F0023984A /* AppDelegate.swift */; };
		ECB09F20209D827F0023984A /* ViewController.swift in Sources */ = {isa = PBXBuildFile; fileRef = ECB09F1F209D827F0023984A /* ViewController.swift */; };
		ECB09F23209D827F0023984A /* Main.storyboard in Resources */ = {isa = PBXBuildFile; fileRef = ECB09F21209D827F0023984A /* Main.storyboard */; };
		ECB09F25209D82800023984A /* Assets.xcassets in Resources */ = {isa = PBXBuildFile; fileRef = ECB09F24209D82800023984A /* Assets.xcassets */; };
		ECB09F28209D82800023984A /* LaunchScreen.storyboard in Resources */ = {isa = PBXBuildFile; fileRef = ECB09F26209D82800023984A /* LaunchScreen.storyboard */; };
/* End PBXBuildFile section */

/* Begin PBXFileReference section */
		2EA442B0CB644464E2981833 /* Pods-RxTodoExample.release.xcconfig */ = {isa = PBXFileReference; includeInIndex = 1; lastKnownFileType = text.xcconfig; name = "Pods-RxTodoExample.release.xcconfig"; path = "Pods/Target Support Files/Pods-RxTodoExample/Pods-RxTodoExample.release.xcconfig"; sourceTree = "<group>"; };
		7777A1FBB4CB4A73F517687D /* Pods-RxTodoExample.debug.xcconfig */ = {isa = PBXFileReference; includeInIndex = 1; lastKnownFileType = text.xcconfig; name = "Pods-RxTodoExample.debug.xcconfig"; path = "Pods/Target Support Files/Pods-RxTodoExample/Pods-RxTodoExample.debug.xcconfig"; sourceTree = "<group>"; };
		ECB09F1A209D827F0023984A /* RxTodoExample.app */ = {isa = PBXFileReference; explicitFileType = wrapper.application; includeInIndex = 0; path = RxTodoExample.app; sourceTree = BUILT_PRODUCTS_DIR; };
		ECB09F1D209D827F0023984A /* AppDelegate.swift */ = {isa = PBXFileReference; lastKnownFileType = sourcecode.swift; path = AppDelegate.swift; sourceTree = "<group>"; };
		ECB09F1F209D827F0023984A /* ViewController.swift */ = {isa = PBXFileReference; lastKnownFileType = sourcecode.swift; path = ViewController.swift; sourceTree = "<group>"; };
		ECB09F22209D827F0023984A /* Base */ = {isa = PBXFileReference; lastKnownFileType = file.storyboard; name = Base; path = Base.lproj/Main.storyboard; sourceTree = "<group>"; };
		ECB09F24209D82800023984A /* Assets.xcassets */ = {isa = PBXFileReference; lastKnownFileType = folder.assetcatalog; path = Assets.xcassets; sourceTree = "<group>"; };
		ECB09F27209D82800023984A /* Base */ = {isa = PBXFileReference; lastKnownFileType = file.storyboard; name = Base; path = Base.lproj/LaunchScreen.storyboard; sourceTree = "<group>"; };
		ECB09F29209D82800023984A /* Info.plist */ = {isa = PBXFileReference; lastKnownFileType = text.plist.xml; path = Info.plist; sourceTree = "<group>"; };
		FC00F735C439E04DFC72C017 /* Pods_RxTodoExample.framework */ = {isa = PBXFileReference; explicitFileType = wrapper.framework; includeInIndex = 0; path = Pods_RxTodoExample.framework; sourceTree = BUILT_PRODUCTS_DIR; };
/* End PBXFileReference section */

/* Begin PBXFrameworksBuildPhase section */
		ECB09F17209D827F0023984A /* Frameworks */ = {
			isa = PBXFrameworksBuildPhase;
			buildActionMask = 2147483647;
			files = (
				CC0496D0345B2C85C68B52F4 /* Pods_RxTodoExample.framework in Frameworks */,
			);
			runOnlyForDeploymentPostprocessing = 0;
		};
/* End PBXFrameworksBuildPhase section */

/* Begin PBXGroup section */
		B4126CE87F703D78EE8FBF7B /* Frameworks */ = {
			isa = PBXGroup;
			children = (
				FC00F735C439E04DFC72C017 /* Pods_RxTodoExample.framework */,
			);
			name = Frameworks;
			sourceTree = "<group>";
		};
		DFF55975FB526B1E217633CB /* Pods */ = {
			isa = PBXGroup;
			children = (
				7777A1FBB4CB4A73F517687D /* Pods-RxTodoExample.debug.xcconfig */,
				2EA442B0CB644464E2981833 /* Pods-RxTodoExample.release.xcconfig */,
			);
			name = Pods;
			sourceTree = "<group>";
		};
		ECB09F11209D827F0023984A = {
			isa = PBXGroup;
			children = (
				ECB09F1C209D827F0023984A /* RxTodoExample */,
				ECB09F1B209D827F0023984A /* Products */,
				DFF55975FB526B1E217633CB /* Pods */,
				B4126CE87F703D78EE8FBF7B /* Frameworks */,
			);
			sourceTree = "<group>";
		};
		ECB09F1B209D827F0023984A /* Products */ = {
			isa = PBXGroup;
			children = (
				ECB09F1A209D827F0023984A /* RxTodoExample.app */,
			);
			name = Products;
			sourceTree = "<group>";
		};
		ECB09F1C209D827F0023984A /* RxTodoExample */ = {
			isa = PBXGroup;
			children = (
				ECB09F1D209D827F0023984A /* AppDelegate.swift */,
				ECB09F1F209D827F0023984A /* ViewController.swift */,
				ECB09F21209D827F0023984A /* Main.storyboard */,
				ECB09F24209D82800023984A /* Assets.xcassets */,
				ECB09F26209D82800023984A /* LaunchScreen.storyboard */,
				ECB09F29209D82800023984A /* Info.plist */,
			);
			path = RxTodoExample;
			sourceTree = "<group>";
		};
/* End PBXGroup section */

/* Begin PBXNativeTarget section */
		ECB09F19209D827F0023984A /* RxTodoExample */ = {
			isa = PBXNativeTarget;
			buildConfigurationList = ECB09F2C209D82800023984A /* Build configuration list for PBXNativeTarget "RxTodoExample" */;
			buildPhases = (
				56723C204AC62F73A93A2BA8 /* [CP] Check Pods Manifest.lock */,
				ECB09F16209D827F0023984A /* Sources */,
				ECB09F17209D827F0023984A /* Frameworks */,
				ECB09F18209D827F0023984A /* Resources */,
				FEA85342B84E0F9F04090693 /* [CP] Embed Pods Frameworks */,
				EE22F71DAEEB8D79C416644B /* [CP] Copy Pods Resources */,
			);
			buildRules = (
			);
			dependencies = (
			);
			name = RxTodoExample;
			productName = RxTodoExample;
			productReference = ECB09F1A209D827F0023984A /* RxTodoExample.app */;
			productType = "com.apple.product-type.application";
		};
/* End PBXNativeTarget section */

/* Begin PBXProject section */
		ECB09F12209D827F0023984A /* Project object */ = {
			isa = PBXProject;
			attributes = {
				LastSwiftUpdateCheck = 0940;
				LastUpgradeCheck = 0940;
				ORGANIZATIONNAME = "Hyowon Choi";
				TargetAttributes = {
					ECB09F19209D827F0023984A = {
						CreatedOnToolsVersion = 9.4;
					};
				};
			};
			buildConfigurationList = ECB09F15209D827F0023984A /* Build configuration list for PBXProject "RxTodoExample" */;
			compatibilityVersion = "Xcode 9.3";
			developmentRegion = en;
			hasScannedForEncodings = 0;
			knownRegions = (
				en,
				Base,
			);
			mainGroup = ECB09F11209D827F0023984A;
			productRefGroup = ECB09F1B209D827F0023984A /* Products */;
			projectDirPath = "";
			projectRoot = "";
			targets = (
				ECB09F19209D827F0023984A /* RxTodoExample */,
			);
		};
/* End PBXProject section */

/* Begin PBXResourcesBuildPhase section */
		ECB09F18209D827F0023984A /* Resources */ = {
			isa = PBXResourcesBuildPhase;
			buildActionMask = 2147483647;
			files = (
				ECB09F28209D82800023984A /* LaunchScreen.storyboard in Resources */,
				ECB09F25209D82800023984A /* Assets.xcassets in Resources */,
				ECB09F23209D827F0023984A /* Main.storyboard in Resources */,
			);
			runOnlyForDeploymentPostprocessing = 0;
		};
/* End PBXResourcesBuildPhase section */

/* Begin PBXShellScriptBuildPhase section */
		56723C204AC62F73A93A2BA8 /* [CP] Check Pods Manifest.lock */ = {
			isa = PBXShellScriptBuildPhase;
			buildActionMask = 2147483647;
			files = (
			);
			inputPaths = (
				"${PODS_PODFILE_DIR_PATH}/Podfile.lock",
				"${PODS_ROOT}/Manifest.lock",
			);
			name = "[CP] Check Pods Manifest.lock";
			outputPaths = (
				"$(DERIVED_FILE_DIR)/Pods-RxTodoExample-checkManifestLockResult.txt",
			);
			runOnlyForDeploymentPostprocessing = 0;
			shellPath = /bin/sh;
			shellScript = "diff \"${PODS_PODFILE_DIR_PATH}/Podfile.lock\" \"${PODS_ROOT}/Manifest.lock\" > /dev/null\nif [ $? != 0 ] ; then\n    # print error to STDERR\n    echo \"error: The sandbox is not in sync with the Podfile.lock. Run 'pod install' or update your CocoaPods installation.\" >&2\n    exit 1\nfi\n# This output is used by Xcode 'outputs' to avoid re-running this script phase.\necho \"SUCCESS\" > \"${SCRIPT_OUTPUT_FILE_0}\"\n";
			showEnvVarsInLog = 0;
		};
		EE22F71DAEEB8D79C416644B /* [CP] Copy Pods Resources */ = {
			isa = PBXShellScriptBuildPhase;
			buildActionMask = 2147483647;
			files = (
			);
			inputPaths = (
			);
			name = "[CP] Copy Pods Resources";
			outputPaths = (
			);
			runOnlyForDeploymentPostprocessing = 0;
			shellPath = /bin/sh;
			shellScript = "\"${SRCROOT}/Pods/Target Support Files/Pods-RxTodoExample/Pods-RxTodoExample-resources.sh\"\n";
			showEnvVarsInLog = 0;
		};
		FEA85342B84E0F9F04090693 /* [CP] Embed Pods Frameworks */ = {
			isa = PBXShellScriptBuildPhase;
			buildActionMask = 2147483647;
			files = (
			);
			inputPaths = (
				"${SRCROOT}/Pods/Target Support Files/Pods-RxTodoExample/Pods-RxTodoExample-frameworks.sh",
				"${BUILT_PRODUCTS_DIR}/RxCocoa/RxCocoa.framework",
				"${BUILT_PRODUCTS_DIR}/RxSwift/RxSwift.framework",
			);
			name = "[CP] Embed Pods Frameworks";
			outputPaths = (
				"${TARGET_BUILD_DIR}/${FRAMEWORKS_FOLDER_PATH}/RxCocoa.framework",
				"${TARGET_BUILD_DIR}/${FRAMEWORKS_FOLDER_PATH}/RxSwift.framework",
			);
			runOnlyForDeploymentPostprocessing = 0;
			shellPath = /bin/sh;
			shellScript = "\"${SRCROOT}/Pods/Target Support Files/Pods-RxTodoExample/Pods-RxTodoExample-frameworks.sh\"\n";
			showEnvVarsInLog = 0;
		};
/* End PBXShellScriptBuildPhase section */

/* Begin PBXSourcesBuildPhase section */
		ECB09F16209D827F0023984A /* Sources */ = {
			isa = PBXSourcesBuildPhase;
			buildActionMask = 2147483647;
			files = (
				ECB09F20209D827F0023984A /* ViewController.swift in Sources */,
				ECB09F1E209D827F0023984A /* AppDelegate.swift in Sources */,
			);
			runOnlyForDeploymentPostprocessing = 0;
		};
/* End PBXSourcesBuildPhase section */

/* Begin PBXVariantGroup section */
		ECB09F21209D827F0023984A /* Main.storyboard */ = {
			isa = PBXVariantGroup;
			children = (
				ECB09F22209D827F0023984A /* Base */,
			);
			name = Main.storyboard;
			sourceTree = "<group>";
		};
		ECB09F26209D82800023984A /* LaunchScreen.storyboard */ = {
			isa = PBXVariantGroup;
			children = (
				ECB09F27209D82800023984A /* Base */,
			);
			name = LaunchScreen.storyboard;
			sourceTree = "<group>";
		};
/* End PBXVariantGroup section */

/* Begin XCBuildConfiguration section */
		ECB09F2A209D82800023984A /* Debug */ = {
			isa = XCBuildConfiguration;
			buildSettings = {
				ALWAYS_SEARCH_USER_PATHS = NO;
				CLANG_ANALYZER_NONNULL = YES;
				CLANG_ANALYZER_NUMBER_OBJECT_CONVERSION = YES_AGGRESSIVE;
				CLANG_CXX_LANGUAGE_STANDARD = "gnu++14";
				CLANG_CXX_LIBRARY = "libc++";
				CLANG_ENABLE_MODULES = YES;
				CLANG_ENABLE_OBJC_ARC = YES;
				CLANG_ENABLE_OBJC_WEAK = YES;
				CLANG_WARN_BLOCK_CAPTURE_AUTORELEASING = YES;
				CLANG_WARN_BOOL_CONVERSION = YES;
				CLANG_WARN_COMMA = YES;
				CLANG_WARN_CONSTANT_CONVERSION = YES;
				CLANG_WARN_DEPRECATED_OBJC_IMPLEMENTATIONS = YES;
				CLANG_WARN_DIRECT_OBJC_ISA_USAGE = YES_ERROR;
				CLANG_WARN_DOCUMENTATION_COMMENTS = YES;
				CLANG_WARN_EMPTY_BODY = YES;
				CLANG_WARN_ENUM_CONVERSION = YES;
				CLANG_WARN_INFINITE_RECURSION = YES;
				CLANG_WARN_INT_CONVERSION = YES;
				CLANG_WARN_NON_LITERAL_NULL_CONVERSION = YES;
				CLANG_WARN_OBJC_IMPLICIT_RETAIN_SELF = YES;
				CLANG_WARN_OBJC_LITERAL_CONVERSION = YES;
				CLANG_WARN_OBJC_ROOT_CLASS = YES_ERROR;
				CLANG_WARN_RANGE_LOOP_ANALYSIS = YES;
				CLANG_WARN_STRICT_PROTOTYPES = YES;
				CLANG_WARN_SUSPICIOUS_MOVE = YES;
				CLANG_WARN_UNGUARDED_AVAILABILITY = YES_AGGRESSIVE;
				CLANG_WARN_UNREACHABLE_CODE = YES;
				CLANG_WARN__DUPLICATE_METHOD_MATCH = YES;
				CODE_SIGN_IDENTITY = "iPhone Developer";
				COPY_PHASE_STRIP = NO;
				DEBUG_INFORMATION_FORMAT = dwarf;
				ENABLE_STRICT_OBJC_MSGSEND = YES;
				ENABLE_TESTABILITY = YES;
				GCC_C_LANGUAGE_STANDARD = gnu11;
				GCC_DYNAMIC_NO_PIC = NO;
				GCC_NO_COMMON_BLOCKS = YES;
				GCC_OPTIMIZATION_LEVEL = 0;
				GCC_PREPROCESSOR_DEFINITIONS = (
					"DEBUG=1",
					"$(inherited)",
				);
				GCC_WARN_64_TO_32_BIT_CONVERSION = YES;
				GCC_WARN_ABOUT_RETURN_TYPE = YES_ERROR;
				GCC_WARN_UNDECLARED_SELECTOR = YES;
				GCC_WARN_UNINITIALIZED_AUTOS = YES_AGGRESSIVE;
				GCC_WARN_UNUSED_FUNCTION = YES;
				GCC_WARN_UNUSED_VARIABLE = YES;
				IPHONEOS_DEPLOYMENT_TARGET = 11.4;
				MTL_ENABLE_DEBUG_INFO = YES;
				ONLY_ACTIVE_ARCH = YES;
				SDKROOT = iphoneos;
				SWIFT_ACTIVE_COMPILATION_CONDITIONS = DEBUG;
				SWIFT_OPTIMIZATION_LEVEL = "-Onone";
			};
			name = Debug;
		};
		ECB09F2B209D82800023984A /* Release */ = {
			isa = XCBuildConfiguration;
			buildSettings = {
				ALWAYS_SEARCH_USER_PATHS = NO;
				CLANG_ANALYZER_NONNULL = YES;
				CLANG_ANALYZER_NUMBER_OBJECT_CONVERSION = YES_AGGRESSIVE;
				CLANG_CXX_LANGUAGE_STANDARD = "gnu++14";
				CLANG_CXX_LIBRARY = "libc++";
				CLANG_ENABLE_MODULES = YES;
				CLANG_ENABLE_OBJC_ARC = YES;
				CLANG_ENABLE_OBJC_WEAK = YES;
				CLANG_WARN_BLOCK_CAPTURE_AUTORELEASING = YES;
				CLANG_WARN_BOOL_CONVERSION = YES;
				CLANG_WARN_COMMA = YES;
				CLANG_WARN_CONSTANT_CONVERSION = YES;
				CLANG_WARN_DEPRECATED_OBJC_IMPLEMENTATIONS = YES;
				CLANG_WARN_DIRECT_OBJC_ISA_USAGE = YES_ERROR;
				CLANG_WARN_DOCUMENTATION_COMMENTS = YES;
				CLANG_WARN_EMPTY_BODY = YES;
				CLANG_WARN_ENUM_CONVERSION = YES;
				CLANG_WARN_INFINITE_RECURSION = YES;
				CLANG_WARN_INT_CONVERSION = YES;
				CLANG_WARN_NON_LITERAL_NULL_CONVERSION = YES;
				CLANG_WARN_OBJC_IMPLICIT_RETAIN_SELF = YES;
				CLANG_WARN_OBJC_LITERAL_CONVERSION = YES;
				CLANG_WARN_OBJC_ROOT_CLASS = YES_ERROR;
				CLANG_WARN_RANGE_LOOP_ANALYSIS = YES;
				CLANG_WARN_STRICT_PROTOTYPES = YES;
				CLANG_WARN_SUSPICIOUS_MOVE = YES;
				CLANG_WARN_UNGUARDED_AVAILABILITY = YES_AGGRESSIVE;
				CLANG_WARN_UNREACHABLE_CODE = YES;
				CLANG_WARN__DUPLICATE_METHOD_MATCH = YES;
				CODE_SIGN_IDENTITY = "iPhone Developer";
				COPY_PHASE_STRIP = NO;
				DEBUG_INFORMATION_FORMAT = "dwarf-with-dsym";
				ENABLE_NS_ASSERTIONS = NO;
				ENABLE_STRICT_OBJC_MSGSEND = YES;
				GCC_C_LANGUAGE_STANDARD = gnu11;
				GCC_NO_COMMON_BLOCKS = YES;
				GCC_WARN_64_TO_32_BIT_CONVERSION = YES;
				GCC_WARN_ABOUT_RETURN_TYPE = YES_ERROR;
				GCC_WARN_UNDECLARED_SELECTOR = YES;
				GCC_WARN_UNINITIALIZED_AUTOS = YES_AGGRESSIVE;
				GCC_WARN_UNUSED_FUNCTION = YES;
				GCC_WARN_UNUSED_VARIABLE = YES;
				IPHONEOS_DEPLOYMENT_TARGET = 11.4;
				MTL_ENABLE_DEBUG_INFO = NO;
				SDKROOT = iphoneos;
				SWIFT_COMPILATION_MODE = wholemodule;
				SWIFT_OPTIMIZATION_LEVEL = "-O";
				VALIDATE_PRODUCT = YES;
			};
			name = Release;
		};
		ECB09F2D209D82800023984A /* Debug */ = {
			isa = XCBuildConfiguration;
			baseConfigurationReference = 7777A1FBB4CB4A73F517687D /* Pods-RxTodoExample.debug.xcconfig */;
			buildSettings = {
				ASSETCATALOG_COMPILER_APPICON_NAME = AppIcon;
				CODE_SIGN_STYLE = Automatic;
				DEVELOPMENT_TEAM = A33L9G529Z;
				INFOPLIST_FILE = RxTodoExample/Info.plist;
				LD_RUNPATH_SEARCH_PATHS = (
					"$(inherited)",
					"@executable_path/Frameworks",
				);
				PRODUCT_BUNDLE_IDENTIFIER = hyowonee.RxTodoExample;
				PRODUCT_NAME = "$(TARGET_NAME)";
				SWIFT_VERSION = 4.0;
				TARGETED_DEVICE_FAMILY = "1,2";
			};
			name = Debug;
		};
		ECB09F2E209D82800023984A /* Release */ = {
			isa = XCBuildConfiguration;
			baseConfigurationReference = 2EA442B0CB644464E2981833 /* Pods-RxTodoExample.release.xcconfig */;
			buildSettings = {
				ASSETCATALOG_COMPILER_APPICON_NAME = AppIcon;
				CODE_SIGN_STYLE = Automatic;
				DEVELOPMENT_TEAM = A33L9G529Z;
				INFOPLIST_FILE = RxTodoExample/Info.plist;
				LD_RUNPATH_SEARCH_PATHS = (
					"$(inherited)",
					"@executable_path/Frameworks",
				);
				PRODUCT_BUNDLE_IDENTIFIER = hyowonee.RxTodoExample;
				PRODUCT_NAME = "$(TARGET_NAME)";
				SWIFT_VERSION = 4.0;
				TARGETED_DEVICE_FAMILY = "1,2";
			};
			name = Release;
		};
/* End XCBuildConfiguration section */

/* Begin XCConfigurationList section */
		ECB09F15209D827F0023984A /* Build configuration list for PBXProject "RxTodoExample" */ = {
			isa = XCConfigurationList;
			buildConfigurations = (
				ECB09F2A209D82800023984A /* Debug */,
				ECB09F2B209D82800023984A /* Release */,
			);
			defaultConfigurationIsVisible = 0;
			defaultConfigurationName = Release;
		};
		ECB09F2C209D82800023984A /* Build configuration list for PBXNativeTarget "RxTodoExample" */ = {
			isa = XCConfigurationList;
			buildConfigurations = (
				ECB09F2D209D82800023984A /* Debug */,
				ECB09F2E209D82800023984A /* Release */,
			);
			defaultConfigurationIsVisible = 0;
			defaultConfigurationName = Release;
		};
/* End XCConfigurationList section */
	};
	rootObject = ECB09F12209D827F0023984A /* Project object */;
}
